
Microsoft Visual Studio Solution File, Format Version 12.00
# Visual Studio Version 17
VisualStudioVersion = 17.6.33723.286
MinimumVisualStudioVersion = 10.0.40219.1
Project("{9A19103F-16F7-4668-BE54-9A1E7A4F7556}") = "StaffPortal.Common", "StaffPortal.Common\StaffPortal.Common.csproj", "{B56AACE4-F41A-4954-B60A-A7F83A43F965}"
EndProject
Project("{9A19103F-16F7-4668-BE54-9A1E7A4F7556}") = "StaffPortal.DataAccess", "StaffPortal.DataAccess\StaffPortal.DataAccess.csproj", "{108D5B67-F106-44A4-9BA8-7FABBF1D6598}"
EndProject
Project("{9A19103F-16F7-4668-BE54-9A1E7A4F7556}") = "StaffPortal", "StaffPortal\StaffPortal.csproj", "{EE78ED61-91FA-4F64-A726-1AEC7BFAA00D}"
EndProject
Global
	GlobalSection(SolutionConfigurationPlatforms) = preSolution
		Debug|Any CPU = Debug|Any CPU
		Release|Any CPU = Release|Any CPU
	EndGlobalSection
	GlobalSection(ProjectConfigurationPlatforms) = postSolution
		{B56AACE4-F41A-4954-B60A-A7F83A43F965}.Debug|Any CPU.ActiveCfg = Debug|Any CPU
		{B56AACE4-F41A-4954-B60A-A7F83A43F965}.Debug|Any CPU.Build.0 = Debug|Any CPU
		{B56AACE4-F41A-4954-B60A-A7F83A43F965}.Release|Any CPU.ActiveCfg = Release|Any CPU
		{B56AACE4-F41A-4954-B60A-A7F83A43F965}.Release|Any CPU.Build.0 = Release|Any CPU
		{108D5B67-F106-44A4-9BA8-7FABBF1D6598}.Debug|Any CPU.ActiveCfg = Debug|Any CPU
		{108D5B67-F106-44A4-9BA8-7FABBF1D6598}.Debug|Any CPU.Build.0 = Debug|Any CPU
		{108D5B67-F106-44A4-9BA8-7FABBF1D6598}.Release|Any CPU.ActiveCfg = Release|Any CPU
		{108D5B67-F106-44A4-9BA8-7FABBF1D6598}.Release|Any CPU.Build.0 = Release|Any CPU
		{EE78ED61-91FA-4F64-A726-1AEC7BFAA00D}.Debug|Any CPU.ActiveCfg = Debug|Any CPU
		{EE78ED61-91FA-4F64-A726-1AEC7BFAA00D}.Debug|Any CPU.Build.0 = Debug|Any CPU
		{EE78ED61-91FA-4F64-A726-1AEC7BFAA00D}.Release|Any CPU.ActiveCfg = Release|Any CPU
		{EE78ED61-91FA-4F64-A726-1AEC7BFAA00D}.Release|Any CPU.Build.0 = Release|Any CPU
	EndGlobalSection
	GlobalSection(SolutionProperties) = preSolution
		HideSolutionNode = FALSE
	EndGlobalSection
	GlobalSection(ExtensibilityGlobals) = postSolution
		SolutionGuid = {9992846F-8B28-42A7-9872-A49058FA78D6}
	EndGlobalSection
EndGlobal
